
Microsoft Visual Studio Solution File, Format Version 12.00
# Visual Studio Version 17
VisualStudioVersion = 17.9.34728.123
MinimumVisualStudioVersion = 10.0.40219.1
Project("{8BC9CEB8-8B4A-11D0-8D11-00A0C91BC942}") = "CustomTitle", "CustomTitle\CustomTitle.vcxproj", "{EB001CC9-23CA-4FF9-8AB7-DB1A56D35851}"
EndProject
Global
	GlobalSection(SolutionConfigurationPlatforms) = preSolution
		Release|x64 = Release|x64
	EndGlobalSection
	GlobalSection(ProjectConfigurationPlatforms) = postSolution
		{EB001CC9-23CA-4FF9-8AB7-DB1A56D35851}.Release|x64.ActiveCfg = Release|x64
		{EB001CC9-23CA-4FF9-8AB7-DB1A56D35851}.Release|x64.Build.0 = Release|x64
	EndGlobalSection
	GlobalSection(SolutionProperties) = preSolution
		HideSolutionNode = FALSE
	EndGlobalSection
	GlobalSection(ExtensibilityGlobals) = postSolution
		SolutionGuid = {7220B3BD-32D7-43D7-BFE6-D76F7B1BCDA7}
	EndGlobalSection
EndGlobal
